// !$*UTF8*$!
{
	archiveVersion = 1;
	classes = {
	};
	objectVersion = 46;
	objects = {

/* Begin PBXBuildFile section */
		1800B8711FC1E26C00855EEC /* LaunchScreen.xib in Resources */ = {isa = PBXBuildFile; fileRef = 1800B8701FC1E26C00855EEC /* LaunchScreen.xib */; };
		21F8E45522C0F8F200151B0B /* Interface.storyboard in Resources */ = {isa = PBXBuildFile; fileRef = 21F8E45322C0F8F200151B0B /* Interface.storyboard */; };
		21F8E45722C0F8F400151B0B /* Assets.xcassets in Resources */ = {isa = PBXBuildFile; fileRef = 21F8E45622C0F8F400151B0B /* Assets.xcassets */; };
		21F8E45E22C0F8F500151B0B /* Watch Extension.appex in Embed App Extensions */ = {isa = PBXBuildFile; fileRef = 21F8E45D22C0F8F400151B0B /* Watch Extension.appex */; settings = {ATTRIBUTES = (RemoveHeadersOnCopy, ); }; };
		21F8E46522C0F8F500151B0B /* ExtensionDelegate.swift in Sources */ = {isa = PBXBuildFile; fileRef = 21F8E46422C0F8F500151B0B /* ExtensionDelegate.swift */; };
		21F8E46722C0F8F500151B0B /* NotificationController.swift in Sources */ = {isa = PBXBuildFile; fileRef = 21F8E46622C0F8F500151B0B /* NotificationController.swift */; };
		21F8E46922C0F8F500151B0B /* Assets.xcassets in Resources */ = {isa = PBXBuildFile; fileRef = 21F8E46822C0F8F500151B0B /* Assets.xcassets */; };
		21F8E46E22C0F8F500151B0B /* Watch.app in Embed Watch Content */ = {isa = PBXBuildFile; fileRef = 21F8E45122C0F8F100151B0B /* Watch.app */; };
		21F8E47622C0F98B00151B0B /* Flights.json in Resources */ = {isa = PBXBuildFile; fileRef = 7B8FA27C1B724A7400B1E765 /* Flights.json */; };
		21F8E47722C0F99E00151B0B /* Flight.swift in Sources */ = {isa = PBXBuildFile; fileRef = 7B8FA27F1B724A9900B1E765 /* Flight.swift */; };
		21F8E47922C0FE0F00151B0B /* FlightInterfaceController.swift in Sources */ = {isa = PBXBuildFile; fileRef = 21F8E47822C0FE0F00151B0B /* FlightInterfaceController.swift */; };
		21F8E47B22C1112400151B0B /* ScheduleInterfaceController.swift in Sources */ = {isa = PBXBuildFile; fileRef = 21F8E47A22C1112400151B0B /* ScheduleInterfaceController.swift */; };
		21F8E47D22C1127B00151B0B /* FlightRowController.swift in Sources */ = {isa = PBXBuildFile; fileRef = 21F8E47C22C1127B00151B0B /* FlightRowController.swift */; };
		21F8E47F22C1179300151B0B /* CheckInInterfaceController.swift in Sources */ = {isa = PBXBuildFile; fileRef = 21F8E47E22C1179300151B0B /* CheckInInterfaceController.swift */; };
		7B8FA23D1B72275A00B1E765 /* AppDelegate.swift in Sources */ = {isa = PBXBuildFile; fileRef = 7B8FA23C1B72275A00B1E765 /* AppDelegate.swift */; };
		7B8FA23F1B72275A00B1E765 /* ViewController.swift in Sources */ = {isa = PBXBuildFile; fileRef = 7B8FA23E1B72275A00B1E765 /* ViewController.swift */; };
		7B8FA2421B72275A00B1E765 /* Main.storyboard in Resources */ = {isa = PBXBuildFile; fileRef = 7B8FA2401B72275A00B1E765 /* Main.storyboard */; };
		7B8FA2441B72275A00B1E765 /* Assets.xcassets in Resources */ = {isa = PBXBuildFile; fileRef = 7B8FA2431B72275A00B1E765 /* Assets.xcassets */; };
		7B8FA27D1B724A7400B1E765 /* Flights.json in Resources */ = {isa = PBXBuildFile; fileRef = 7B8FA27C1B724A7400B1E765 /* Flights.json */; };
		7B8FA2801B724A9900B1E765 /* Flight.swift in Sources */ = {isa = PBXBuildFile; fileRef = 7B8FA27F1B724A9900B1E765 /* Flight.swift */; };
/* End PBXBuildFile section */

/* Begin PBXContainerItemProxy section */
		21F8E45F22C0F8F500151B0B /* PBXContainerItemProxy */ = {
			isa = PBXContainerItemProxy;
			containerPortal = 7B8FA2311B72275A00B1E765 /* Project object */;
			proxyType = 1;
			remoteGlobalIDString = 21F8E45C22C0F8F400151B0B;
			remoteInfo = "Watch Extension";
		};
		21F8E46C22C0F8F500151B0B /* PBXContainerItemProxy */ = {
			isa = PBXContainerItemProxy;
			containerPortal = 7B8FA2311B72275A00B1E765 /* Project object */;
			proxyType = 1;
			remoteGlobalIDString = 21F8E45022C0F8F100151B0B;
			remoteInfo = Watch;
		};
/* End PBXContainerItemProxy section */

/* Begin PBXCopyFilesBuildPhase section */
		21F8E47422C0F8F500151B0B /* Embed App Extensions */ = {
			isa = PBXCopyFilesBuildPhase;
			buildActionMask = 2147483647;
			dstPath = "";
			dstSubfolderSpec = 13;
			files = (
				21F8E45E22C0F8F500151B0B /* Watch Extension.appex in Embed App Extensions */,
			);
			name = "Embed App Extensions";
			runOnlyForDeploymentPostprocessing = 0;
		};
		7B8FA2721B72277000B1E765 /* Embed Watch Content */ = {
			isa = PBXCopyFilesBuildPhase;
			buildActionMask = 2147483647;
			dstPath = "$(CONTENTS_FOLDER_PATH)/Watch";
			dstSubfolderSpec = 16;
			files = (
				21F8E46E22C0F8F500151B0B /* Watch.app in Embed Watch Content */,
			);
			name = "Embed Watch Content";
			runOnlyForDeploymentPostprocessing = 0;
		};
/* End PBXCopyFilesBuildPhase section */

/* Begin PBXFileReference section */
		1800B8701FC1E26C00855EEC /* LaunchScreen.xib */ = {isa = PBXFileReference; fileEncoding = 4; lastKnownFileType = file.xib; path = LaunchScreen.xib; sourceTree = "<group>"; };
		21F8E45122C0F8F100151B0B /* Watch.app */ = {isa = PBXFileReference; explicitFileType = wrapper.application; includeInIndex = 0; path = Watch.app; sourceTree = BUILT_PRODUCTS_DIR; };
		21F8E45422C0F8F200151B0B /* Base */ = {isa = PBXFileReference; lastKnownFileType = file.storyboard; name = Base; path = Base.lproj/Interface.storyboard; sourceTree = "<group>"; };
		21F8E45622C0F8F400151B0B /* Assets.xcassets */ = {isa = PBXFileReference; lastKnownFileType = folder.assetcatalog; path = Assets.xcassets; sourceTree = "<group>"; };
		21F8E45822C0F8F400151B0B /* Info.plist */ = {isa = PBXFileReference; lastKnownFileType = text.plist.xml; path = Info.plist; sourceTree = "<group>"; };
		21F8E45D22C0F8F400151B0B /* Watch Extension.appex */ = {isa = PBXFileReference; explicitFileType = "wrapper.app-extension"; includeInIndex = 0; path = "Watch Extension.appex"; sourceTree = BUILT_PRODUCTS_DIR; };
		21F8E46422C0F8F500151B0B /* ExtensionDelegate.swift */ = {isa = PBXFileReference; lastKnownFileType = sourcecode.swift; path = ExtensionDelegate.swift; sourceTree = "<group>"; };
		21F8E46622C0F8F500151B0B /* NotificationController.swift */ = {isa = PBXFileReference; lastKnownFileType = sourcecode.swift; path = NotificationController.swift; sourceTree = "<group>"; };
		21F8E46822C0F8F500151B0B /* Assets.xcassets */ = {isa = PBXFileReference; lastKnownFileType = folder.assetcatalog; path = Assets.xcassets; sourceTree = "<group>"; };
		21F8E46A22C0F8F500151B0B /* Info.plist */ = {isa = PBXFileReference; lastKnownFileType = text.plist.xml; path = Info.plist; sourceTree = "<group>"; };
		21F8E46B22C0F8F500151B0B /* PushNotificationPayload.apns */ = {isa = PBXFileReference; lastKnownFileType = text; path = PushNotificationPayload.apns; sourceTree = "<group>"; };
		21F8E47822C0FE0F00151B0B /* FlightInterfaceController.swift */ = {isa = PBXFileReference; lastKnownFileType = sourcecode.swift; path = FlightInterfaceController.swift; sourceTree = "<group>"; };
		21F8E47A22C1112400151B0B /* ScheduleInterfaceController.swift */ = {isa = PBXFileReference; lastKnownFileType = sourcecode.swift; path = ScheduleInterfaceController.swift; sourceTree = "<group>"; };
		21F8E47C22C1127B00151B0B /* FlightRowController.swift */ = {isa = PBXFileReference; lastKnownFileType = sourcecode.swift; path = FlightRowController.swift; sourceTree = "<group>"; };
		21F8E47E22C1179300151B0B /* CheckInInterfaceController.swift */ = {isa = PBXFileReference; lastKnownFileType = sourcecode.swift; path = CheckInInterfaceController.swift; sourceTree = "<group>"; };
		40113A891F5A4F760089A5C1 /* README.md */ = {isa = PBXFileReference; lastKnownFileType = net.daringfireball.markdown; path = README.md; sourceTree = "<group>"; };
		7B8FA2391B72275A00B1E765 /* AirAber.app */ = {isa = PBXFileReference; explicitFileType = wrapper.application; includeInIndex = 0; path = AirAber.app; sourceTree = BUILT_PRODUCTS_DIR; };
		7B8FA23C1B72275A00B1E765 /* AppDelegate.swift */ = {isa = PBXFileReference; lastKnownFileType = sourcecode.swift; path = AppDelegate.swift; sourceTree = "<group>"; };
		7B8FA23E1B72275A00B1E765 /* ViewController.swift */ = {isa = PBXFileReference; lastKnownFileType = sourcecode.swift; path = ViewController.swift; sourceTree = "<group>"; };
		7B8FA2411B72275A00B1E765 /* Base */ = {isa = PBXFileReference; lastKnownFileType = file.storyboard; name = Base; path = Base.lproj/Main.storyboard; sourceTree = "<group>"; };
		7B8FA2431B72275A00B1E765 /* Assets.xcassets */ = {isa = PBXFileReference; lastKnownFileType = folder.assetcatalog; path = Assets.xcassets; sourceTree = "<group>"; };
		7B8FA2481B72275A00B1E765 /* Info.plist */ = {isa = PBXFileReference; lastKnownFileType = text.plist.xml; path = Info.plist; sourceTree = "<group>"; };
		7B8FA27C1B724A7400B1E765 /* Flights.json */ = {isa = PBXFileReference; fileEncoding = 4; lastKnownFileType = text.json; path = Flights.json; sourceTree = "<group>"; };
		7B8FA27F1B724A9900B1E765 /* Flight.swift */ = {isa = PBXFileReference; fileEncoding = 4; lastKnownFileType = sourcecode.swift; path = Flight.swift; sourceTree = "<group>"; };
/* End PBXFileReference section */

/* Begin PBXFrameworksBuildPhase section */
		21F8E45A22C0F8F400151B0B /* Frameworks */ = {
			isa = PBXFrameworksBuildPhase;
			buildActionMask = 2147483647;
			files = (
			);
			runOnlyForDeploymentPostprocessing = 0;
		};
		7B8FA2361B72275A00B1E765 /* Frameworks */ = {
			isa = PBXFrameworksBuildPhase;
			buildActionMask = 2147483647;
			files = (
			);
			runOnlyForDeploymentPostprocessing = 0;
		};
/* End PBXFrameworksBuildPhase section */

/* Begin PBXGroup section */
		21F8E45222C0F8F200151B0B /* Watch */ = {
			isa = PBXGroup;
			children = (
				21F8E45322C0F8F200151B0B /* Interface.storyboard */,
				21F8E45622C0F8F400151B0B /* Assets.xcassets */,
				21F8E45822C0F8F400151B0B /* Info.plist */,
			);
			path = Watch;
			sourceTree = "<group>";
		};
		21F8E46122C0F8F500151B0B /* Watch Extension */ = {
			isa = PBXGroup;
			children = (
				21F8E46422C0F8F500151B0B /* ExtensionDelegate.swift */,
				21F8E46622C0F8F500151B0B /* NotificationController.swift */,
				21F8E46822C0F8F500151B0B /* Assets.xcassets */,
				21F8E46A22C0F8F500151B0B /* Info.plist */,
				21F8E46B22C0F8F500151B0B /* PushNotificationPayload.apns */,
				21F8E47822C0FE0F00151B0B /* FlightInterfaceController.swift */,
				21F8E47A22C1112400151B0B /* ScheduleInterfaceController.swift */,
				21F8E47C22C1127B00151B0B /* FlightRowController.swift */,
				21F8E47E22C1179300151B0B /* CheckInInterfaceController.swift */,
			);
			path = "Watch Extension";
			sourceTree = "<group>";
		};
		7B8FA2301B72275A00B1E765 = {
			isa = PBXGroup;
			children = (
				40113A891F5A4F760089A5C1 /* README.md */,
				7B8FA23B1B72275A00B1E765 /* AirAber */,
				7B8FA27B1B724A7400B1E765 /* Shared */,
				21F8E45222C0F8F200151B0B /* Watch */,
				21F8E46122C0F8F500151B0B /* Watch Extension */,
				7B8FA23A1B72275A00B1E765 /* Products */,
			);
			indentWidth = 2;
			sourceTree = "<group>";
			tabWidth = 2;
		};
		7B8FA23A1B72275A00B1E765 /* Products */ = {
			isa = PBXGroup;
			children = (
				7B8FA2391B72275A00B1E765 /* AirAber.app */,
				21F8E45122C0F8F100151B0B /* Watch.app */,
				21F8E45D22C0F8F400151B0B /* Watch Extension.appex */,
			);
			name = Products;
			sourceTree = "<group>";
		};
		7B8FA23B1B72275A00B1E765 /* AirAber */ = {
			isa = PBXGroup;
			children = (
				7B8FA23C1B72275A00B1E765 /* AppDelegate.swift */,
				7B8FA23E1B72275A00B1E765 /* ViewController.swift */,
				7B8FA2401B72275A00B1E765 /* Main.storyboard */,
				1800B8701FC1E26C00855EEC /* LaunchScreen.xib */,
				7B8FA2431B72275A00B1E765 /* Assets.xcassets */,
				7B8FA2481B72275A00B1E765 /* Info.plist */,
			);
			path = AirAber;
			sourceTree = "<group>";
		};
		7B8FA27B1B724A7400B1E765 /* Shared */ = {
			isa = PBXGroup;
			children = (
				7B8FA27C1B724A7400B1E765 /* Flights.json */,
				7B8FA27F1B724A9900B1E765 /* Flight.swift */,
			);
			path = Shared;
			sourceTree = "<group>";
		};
/* End PBXGroup section */

/* Begin PBXNativeTarget section */
		21F8E45022C0F8F100151B0B /* Watch */ = {
			isa = PBXNativeTarget;
			buildConfigurationList = 21F8E47522C0F8F500151B0B /* Build configuration list for PBXNativeTarget "Watch" */;
			buildPhases = (
				21F8E44F22C0F8F100151B0B /* Resources */,
				21F8E47422C0F8F500151B0B /* Embed App Extensions */,
			);
			buildRules = (
			);
			dependencies = (
				21F8E46022C0F8F500151B0B /* PBXTargetDependency */,
			);
			name = Watch;
			productName = Watch;
			productReference = 21F8E45122C0F8F100151B0B /* Watch.app */;
			productType = "com.apple.product-type.application.watchapp2";
		};
		21F8E45C22C0F8F400151B0B /* Watch Extension */ = {
			isa = PBXNativeTarget;
			buildConfigurationList = 21F8E47322C0F8F500151B0B /* Build configuration list for PBXNativeTarget "Watch Extension" */;
			buildPhases = (
				21F8E45922C0F8F400151B0B /* Sources */,
				21F8E45A22C0F8F400151B0B /* Frameworks */,
				21F8E45B22C0F8F400151B0B /* Resources */,
			);
			buildRules = (
			);
			dependencies = (
			);
			name = "Watch Extension";
			productName = "Watch Extension";
			productReference = 21F8E45D22C0F8F400151B0B /* Watch Extension.appex */;
			productType = "com.apple.product-type.watchkit2-extension";
		};
		7B8FA2381B72275A00B1E765 /* AirAber */ = {
			isa = PBXNativeTarget;
			buildConfigurationList = 7B8FA24B1B72275A00B1E765 /* Build configuration list for PBXNativeTarget "AirAber" */;
			buildPhases = (
				7B8FA2351B72275A00B1E765 /* Sources */,
				7B8FA2361B72275A00B1E765 /* Frameworks */,
				7B8FA2371B72275A00B1E765 /* Resources */,
				7B8FA2721B72277000B1E765 /* Embed Watch Content */,
			);
			buildRules = (
			);
			dependencies = (
				21F8E46D22C0F8F500151B0B /* PBXTargetDependency */,
			);
			name = AirAber;
			productName = AirAber;
			productReference = 7B8FA2391B72275A00B1E765 /* AirAber.app */;
			productType = "com.apple.product-type.application";
		};
/* End PBXNativeTarget section */

/* Begin PBXProject section */
		7B8FA2311B72275A00B1E765 /* Project object */ = {
			isa = PBXProject;
			attributes = {
				LastSwiftUpdateCheck = 1010;
				LastUpgradeCheck = 0900;
				ORGANIZATIONNAME = "Mic Pringle";
				TargetAttributes = {
					21F8E45022C0F8F100151B0B = {
						CreatedOnToolsVersion = 10.1;
						ProvisioningStyle = Automatic;
					};
					21F8E45C22C0F8F400151B0B = {
						CreatedOnToolsVersion = 10.1;
						DevelopmentTeam = YCQ34UY29T;
						ProvisioningStyle = Automatic;
					};
					7B8FA2381B72275A00B1E765 = {
						CreatedOnToolsVersion = 7.0;
						LastSwiftMigration = 0900;
						ProvisioningStyle = Manual;
					};
				};
			};
			buildConfigurationList = 7B8FA2341B72275A00B1E765 /* Build configuration list for PBXProject "AirAber" */;
			compatibilityVersion = "Xcode 3.2";
			developmentRegion = English;
			hasScannedForEncodings = 0;
			knownRegions = (
				en,
				Base,
			);
			mainGroup = 7B8FA2301B72275A00B1E765;
			productRefGroup = 7B8FA23A1B72275A00B1E765 /* Products */;
			projectDirPath = "";
			projectRoot = "";
			targets = (
				7B8FA2381B72275A00B1E765 /* AirAber */,
				21F8E45022C0F8F100151B0B /* Watch */,
				21F8E45C22C0F8F400151B0B /* Watch Extension */,
			);
		};
/* End PBXProject section */

/* Begin PBXResourcesBuildPhase section */
		21F8E44F22C0F8F100151B0B /* Resources */ = {
			isa = PBXResourcesBuildPhase;
			buildActionMask = 2147483647;
			files = (
				21F8E45722C0F8F400151B0B /* Assets.xcassets in Resources */,
				21F8E45522C0F8F200151B0B /* Interface.storyboard in Resources */,
			);
			runOnlyForDeploymentPostprocessing = 0;
		};
		21F8E45B22C0F8F400151B0B /* Resources */ = {
			isa = PBXResourcesBuildPhase;
			buildActionMask = 2147483647;
			files = (
				21F8E46922C0F8F500151B0B /* Assets.xcassets in Resources */,
				21F8E47622C0F98B00151B0B /* Flights.json in Resources */,
			);
			runOnlyForDeploymentPostprocessing = 0;
		};
		7B8FA2371B72275A00B1E765 /* Resources */ = {
			isa = PBXResourcesBuildPhase;
			buildActionMask = 2147483647;
			files = (
				1800B8711FC1E26C00855EEC /* LaunchScreen.xib in Resources */,
				7B8FA27D1B724A7400B1E765 /* Flights.json in Resources */,
				7B8FA2441B72275A00B1E765 /* Assets.xcassets in Resources */,
				7B8FA2421B72275A00B1E765 /* Main.storyboard in Resources */,
			);
			runOnlyForDeploymentPostprocessing = 0;
		};
/* End PBXResourcesBuildPhase section */

/* Begin PBXSourcesBuildPhase section */
		21F8E45922C0F8F400151B0B /* Sources */ = {
			isa = PBXSourcesBuildPhase;
			buildActionMask = 2147483647;
			files = (
				21F8E47722C0F99E00151B0B /* Flight.swift in Sources */,
				21F8E47922C0FE0F00151B0B /* FlightInterfaceController.swift in Sources */,
				21F8E47F22C1179300151B0B /* CheckInInterfaceController.swift in Sources */,
				21F8E47D22C1127B00151B0B /* FlightRowController.swift in Sources */,
				21F8E47B22C1112400151B0B /* ScheduleInterfaceController.swift in Sources */,
				21F8E46722C0F8F500151B0B /* NotificationController.swift in Sources */,
				21F8E46522C0F8F500151B0B /* ExtensionDelegate.swift in Sources */,
			);
			runOnlyForDeploymentPostprocessing = 0;
		};
		7B8FA2351B72275A00B1E765 /* Sources */ = {
			isa = PBXSourcesBuildPhase;
			buildActionMask = 2147483647;
			files = (
				7B8FA2801B724A9900B1E765 /* Flight.swift in Sources */,
				7B8FA23F1B72275A00B1E765 /* ViewController.swift in Sources */,
				7B8FA23D1B72275A00B1E765 /* AppDelegate.swift in Sources */,
			);
			runOnlyForDeploymentPostprocessing = 0;
		};
/* End PBXSourcesBuildPhase section */

/* Begin PBXTargetDependency section */
		21F8E46022C0F8F500151B0B /* PBXTargetDependency */ = {
			isa = PBXTargetDependency;
			target = 21F8E45C22C0F8F400151B0B /* Watch Extension */;
			targetProxy = 21F8E45F22C0F8F500151B0B /* PBXContainerItemProxy */;
		};
		21F8E46D22C0F8F500151B0B /* PBXTargetDependency */ = {
			isa = PBXTargetDependency;
			target = 21F8E45022C0F8F100151B0B /* Watch */;
			targetProxy = 21F8E46C22C0F8F500151B0B /* PBXContainerItemProxy */;
		};
/* End PBXTargetDependency section */

/* Begin PBXVariantGroup section */
		21F8E45322C0F8F200151B0B /* Interface.storyboard */ = {
			isa = PBXVariantGroup;
			children = (
				21F8E45422C0F8F200151B0B /* Base */,
			);
			name = Interface.storyboard;
			sourceTree = "<group>";
		};
		7B8FA2401B72275A00B1E765 /* Main.storyboard */ = {
			isa = PBXVariantGroup;
			children = (
				7B8FA2411B72275A00B1E765 /* Base */,
			);
			name = Main.storyboard;
			sourceTree = "<group>";
		};
/* End PBXVariantGroup section */

/* Begin XCBuildConfiguration section */
		21F8E46F22C0F8F500151B0B /* Debug */ = {
			isa = XCBuildConfiguration;
			buildSettings = {
				ALWAYS_EMBED_SWIFT_STANDARD_LIBRARIES = YES;
				ASSETCATALOG_COMPILER_APPICON_NAME = AppIcon;
				CLANG_ANALYZER_NONNULL = YES;
				CLANG_ANALYZER_NUMBER_OBJECT_CONVERSION = YES_AGGRESSIVE;
				CLANG_CXX_LANGUAGE_STANDARD = "gnu++14";
				CLANG_ENABLE_OBJC_WEAK = YES;
				CLANG_WARN_DEPRECATED_OBJC_IMPLEMENTATIONS = YES;
				CLANG_WARN_DOCUMENTATION_COMMENTS = YES;
				CLANG_WARN_OBJC_IMPLICIT_RETAIN_SELF = YES;
				CLANG_WARN_UNGUARDED_AVAILABILITY = YES_AGGRESSIVE;
				CODE_SIGN_STYLE = Automatic;
				DEVELOPMENT_TEAM = "";
				GCC_C_LANGUAGE_STANDARD = gnu11;
				IBSC_MODULE = Watch_Extension;
				INFOPLIST_FILE = Watch/Info.plist;
				MTL_ENABLE_DEBUG_INFO = INCLUDE_SOURCE;
				MTL_FAST_MATH = YES;
				PRODUCT_BUNDLE_IDENTIFIER = com.test.AirAber.watchkitapp;
				PRODUCT_NAME = "$(TARGET_NAME)";
				SDKROOT = watchos;
				SKIP_INSTALL = YES;
				SWIFT_ACTIVE_COMPILATION_CONDITIONS = DEBUG;
				SWIFT_VERSION = 4.2;
				TARGETED_DEVICE_FAMILY = 4;
				WATCHOS_DEPLOYMENT_TARGET = 5.1;
			};
			name = Debug;
		};
		21F8E47022C0F8F500151B0B /* Release */ = {
			isa = XCBuildConfiguration;
			buildSettings = {
				ALWAYS_EMBED_SWIFT_STANDARD_LIBRARIES = YES;
				ASSETCATALOG_COMPILER_APPICON_NAME = AppIcon;
				CLANG_ANALYZER_NONNULL = YES;
				CLANG_ANALYZER_NUMBER_OBJECT_CONVERSION = YES_AGGRESSIVE;
				CLANG_CXX_LANGUAGE_STANDARD = "gnu++14";
				CLANG_ENABLE_OBJC_WEAK = YES;
				CLANG_WARN_DEPRECATED_OBJC_IMPLEMENTATIONS = YES;
				CLANG_WARN_DOCUMENTATION_COMMENTS = YES;
				CLANG_WARN_OBJC_IMPLICIT_RETAIN_SELF = YES;
				CLANG_WARN_UNGUARDED_AVAILABILITY = YES_AGGRESSIVE;
				CODE_SIGN_STYLE = Automatic;
				DEVELOPMENT_TEAM = "";
				GCC_C_LANGUAGE_STANDARD = gnu11;
				IBSC_MODULE = Watch_Extension;
				INFOPLIST_FILE = Watch/Info.plist;
				MTL_FAST_MATH = YES;
				PRODUCT_BUNDLE_IDENTIFIER = com.test.AirAber.watchkitapp;
				PRODUCT_NAME = "$(TARGET_NAME)";
				SDKROOT = watchos;
				SKIP_INSTALL = YES;
				SWIFT_VERSION = 4.2;
				TARGETED_DEVICE_FAMILY = 4;
				WATCHOS_DEPLOYMENT_TARGET = 5.1;
			};
			name = Release;
		};
		21F8E47122C0F8F500151B0B /* Debug */ = {
			isa = XCBuildConfiguration;
			buildSettings = {
				ASSETCATALOG_COMPILER_COMPLICATION_NAME = Complication;
				CLANG_ANALYZER_NONNULL = YES;
				CLANG_ANALYZER_NUMBER_OBJECT_CONVERSION = YES_AGGRESSIVE;
				CLANG_CXX_LANGUAGE_STANDARD = "gnu++14";
				CLANG_ENABLE_OBJC_WEAK = YES;
				CLANG_WARN_DEPRECATED_OBJC_IMPLEMENTATIONS = YES;
				CLANG_WARN_DOCUMENTATION_COMMENTS = YES;
				CLANG_WARN_OBJC_IMPLICIT_RETAIN_SELF = YES;
				CLANG_WARN_UNGUARDED_AVAILABILITY = YES_AGGRESSIVE;
				CODE_SIGN_STYLE = Automatic;
				DEVELOPMENT_TEAM = YCQ34UY29T;
				GCC_C_LANGUAGE_STANDARD = gnu11;
				INFOPLIST_FILE = "Watch Extension/Info.plist";
				LD_RUNPATH_SEARCH_PATHS = "$(inherited) @executable_path/Frameworks @executable_path/../../Frameworks";
				MTL_ENABLE_DEBUG_INFO = INCLUDE_SOURCE;
				MTL_FAST_MATH = YES;
				PRODUCT_BUNDLE_IDENTIFIER = com.test.AirAber.watchkitapp.watchkitextension;
				PRODUCT_NAME = "${TARGET_NAME}";
				SDKROOT = watchos;
				SKIP_INSTALL = YES;
				SWIFT_ACTIVE_COMPILATION_CONDITIONS = DEBUG;
				SWIFT_VERSION = 4.2;
				TARGETED_DEVICE_FAMILY = 4;
				WATCHOS_DEPLOYMENT_TARGET = 5.1;
			};
			name = Debug;
		};
		21F8E47222C0F8F500151B0B /* Release */ = {
			isa = XCBuildConfiguration;
			buildSettings = {
				ASSETCATALOG_COMPILER_COMPLICATION_NAME = Complication;
				CLANG_ANALYZER_NONNULL = YES;
				CLANG_ANALYZER_NUMBER_OBJECT_CONVERSION = YES_AGGRESSIVE;
				CLANG_CXX_LANGUAGE_STANDARD = "gnu++14";
				CLANG_ENABLE_OBJC_WEAK = YES;
				CLANG_WARN_DEPRECATED_OBJC_IMPLEMENTATIONS = YES;
				CLANG_WARN_DOCUMENTATION_COMMENTS = YES;
				CLANG_WARN_OBJC_IMPLICIT_RETAIN_SELF = YES;
				CLANG_WARN_UNGUARDED_AVAILABILITY = YES_AGGRESSIVE;
				CODE_SIGN_STYLE = Automatic;
				DEVELOPMENT_TEAM = YCQ34UY29T;
				GCC_C_LANGUAGE_STANDARD = gnu11;
				INFOPLIST_FILE = "Watch Extension/Info.plist";
				LD_RUNPATH_SEARCH_PATHS = "$(inherited) @executable_path/Frameworks @executable_path/../../Frameworks";
				MTL_FAST_MATH = YES;
				PRODUCT_BUNDLE_IDENTIFIER = com.test.AirAber.watchkitapp.watchkitextension;
				PRODUCT_NAME = "${TARGET_NAME}";
				SDKROOT = watchos;
				SKIP_INSTALL = YES;
				SWIFT_VERSION = 4.2;
				TARGETED_DEVICE_FAMILY = 4;
				WATCHOS_DEPLOYMENT_TARGET = 5.1;
			};
			name = Release;
		};
		7B8FA2491B72275A00B1E765 /* Debug */ = {
			isa = XCBuildConfiguration;
			buildSettings = {
				ALWAYS_SEARCH_USER_PATHS = NO;
				CLANG_CXX_LANGUAGE_STANDARD = "gnu++0x";
				CLANG_CXX_LIBRARY = "libc++";
				CLANG_ENABLE_MODULES = YES;
				CLANG_ENABLE_OBJC_ARC = YES;
				CLANG_WARN_BLOCK_CAPTURE_AUTORELEASING = YES;
				CLANG_WARN_BOOL_CONVERSION = YES;
				CLANG_WARN_COMMA = YES;
				CLANG_WARN_CONSTANT_CONVERSION = YES;
				CLANG_WARN_DIRECT_OBJC_ISA_USAGE = YES_ERROR;
				CLANG_WARN_EMPTY_BODY = YES;
				CLANG_WARN_ENUM_CONVERSION = YES;
				CLANG_WARN_INFINITE_RECURSION = YES;
				CLANG_WARN_INT_CONVERSION = YES;
				CLANG_WARN_NON_LITERAL_NULL_CONVERSION = YES;
				CLANG_WARN_OBJC_LITERAL_CONVERSION = YES;
				CLANG_WARN_OBJC_ROOT_CLASS = YES_ERROR;
				CLANG_WARN_RANGE_LOOP_ANALYSIS = YES;
				CLANG_WARN_STRICT_PROTOTYPES = YES;
				CLANG_WARN_SUSPICIOUS_MOVE = YES;
				CLANG_WARN_UNREACHABLE_CODE = YES;
				CLANG_WARN__DUPLICATE_METHOD_MATCH = YES;
				"CODE_SIGN_IDENTITY[sdk=iphoneos*]" = "iPhone Developer";
				COPY_PHASE_STRIP = NO;
				DEBUG_INFORMATION_FORMAT = dwarf;
				ENABLE_STRICT_OBJC_MSGSEND = YES;
				ENABLE_TESTABILITY = YES;
				GCC_C_LANGUAGE_STANDARD = gnu99;
				GCC_DYNAMIC_NO_PIC = NO;
				GCC_NO_COMMON_BLOCKS = YES;
				GCC_OPTIMIZATION_LEVEL = 0;
				GCC_PREPROCESSOR_DEFINITIONS = (
					"DEBUG=1",
					"$(inherited)",
				);
				GCC_WARN_64_TO_32_BIT_CONVERSION = YES;
				GCC_WARN_ABOUT_RETURN_TYPE = YES_ERROR;
				GCC_WARN_UNDECLARED_SELECTOR = YES;
				GCC_WARN_UNINITIALIZED_AUTOS = YES_AGGRESSIVE;
				GCC_WARN_UNUSED_FUNCTION = YES;
				GCC_WARN_UNUSED_VARIABLE = YES;
				IPHONEOS_DEPLOYMENT_TARGET = 11.0;
				MTL_ENABLE_DEBUG_INFO = YES;
				ONLY_ACTIVE_ARCH = YES;
				SDKROOT = iphoneos;
				SWIFT_OPTIMIZATION_LEVEL = "-Onone";
			};
			name = Debug;
		};
		7B8FA24A1B72275A00B1E765 /* Release */ = {
			isa = XCBuildConfiguration;
			buildSettings = {
				ALWAYS_SEARCH_USER_PATHS = NO;
				CLANG_CXX_LANGUAGE_STANDARD = "gnu++0x";
				CLANG_CXX_LIBRARY = "libc++";
				CLANG_ENABLE_MODULES = YES;
				CLANG_ENABLE_OBJC_ARC = YES;
				CLANG_WARN_BLOCK_CAPTURE_AUTORELEASING = YES;
				CLANG_WARN_BOOL_CONVERSION = YES;
				CLANG_WARN_COMMA = YES;
				CLANG_WARN_CONSTANT_CONVERSION = YES;
				CLANG_WARN_DIRECT_OBJC_ISA_USAGE = YES_ERROR;
				CLANG_WARN_EMPTY_BODY = YES;
				CLANG_WARN_ENUM_CONVERSION = YES;
				CLANG_WARN_INFINITE_RECURSION = YES;
				CLANG_WARN_INT_CONVERSION = YES;
				CLANG_WARN_NON_LITERAL_NULL_CONVERSION = YES;
				CLANG_WARN_OBJC_LITERAL_CONVERSION = YES;
				CLANG_WARN_OBJC_ROOT_CLASS = YES_ERROR;
				CLANG_WARN_RANGE_LOOP_ANALYSIS = YES;
				CLANG_WARN_STRICT_PROTOTYPES = YES;
				CLANG_WARN_SUSPICIOUS_MOVE = YES;
				CLANG_WARN_UNREACHABLE_CODE = YES;
				CLANG_WARN__DUPLICATE_METHOD_MATCH = YES;
				"CODE_SIGN_IDENTITY[sdk=iphoneos*]" = "iPhone Developer";
				COPY_PHASE_STRIP = NO;
				DEBUG_INFORMATION_FORMAT = "dwarf-with-dsym";
				ENABLE_NS_ASSERTIONS = NO;
				ENABLE_STRICT_OBJC_MSGSEND = YES;
				GCC_C_LANGUAGE_STANDARD = gnu99;
				GCC_NO_COMMON_BLOCKS = YES;
				GCC_WARN_64_TO_32_BIT_CONVERSION = YES;
				GCC_WARN_ABOUT_RETURN_TYPE = YES_ERROR;
				GCC_WARN_UNDECLARED_SELECTOR = YES;
				GCC_WARN_UNINITIALIZED_AUTOS = YES_AGGRESSIVE;
				GCC_WARN_UNUSED_FUNCTION = YES;
				GCC_WARN_UNUSED_VARIABLE = YES;
				IPHONEOS_DEPLOYMENT_TARGET = 11.0;
				MTL_ENABLE_DEBUG_INFO = NO;
				SDKROOT = iphoneos;
				SWIFT_OPTIMIZATION_LEVEL = "-Owholemodule";
				VALIDATE_PRODUCT = YES;
			};
			name = Release;
		};
		7B8FA24C1B72275A00B1E765 /* Debug */ = {
			isa = XCBuildConfiguration;
			buildSettings = {
				ASSETCATALOG_COMPILER_APPICON_NAME = AppIcon;
				CODE_SIGN_STYLE = Manual;
				DEVELOPMENT_TEAM = "";
				INFOPLIST_FILE = AirAber/Info.plist;
				LD_RUNPATH_SEARCH_PATHS = "$(inherited) @executable_path/Frameworks";
				PRODUCT_BUNDLE_IDENTIFIER = com.test.AirAber;
				PRODUCT_NAME = "$(TARGET_NAME)";
				PROVISIONING_PROFILE_SPECIFIER = "";
				SWIFT_SWIFT3_OBJC_INFERENCE = Default;
				SWIFT_VERSION = 4.0;
			};
			name = Debug;
		};
		7B8FA24D1B72275A00B1E765 /* Release */ = {
			isa = XCBuildConfiguration;
			buildSettings = {
				ASSETCATALOG_COMPILER_APPICON_NAME = AppIcon;
				CODE_SIGN_STYLE = Manual;
				DEVELOPMENT_TEAM = "";
				INFOPLIST_FILE = AirAber/Info.plist;
				LD_RUNPATH_SEARCH_PATHS = "$(inherited) @executable_path/Frameworks";
				PRODUCT_BUNDLE_IDENTIFIER = com.test.AirAber;
				PRODUCT_NAME = "$(TARGET_NAME)";
				PROVISIONING_PROFILE_SPECIFIER = "";
				SWIFT_SWIFT3_OBJC_INFERENCE = Default;
				SWIFT_VERSION = 4.0;
			};
			name = Release;
		};
/* End XCBuildConfiguration section */

/* Begin XCConfigurationList section */
		21F8E47322C0F8F500151B0B /* Build configuration list for PBXNativeTarget "Watch Extension" */ = {
			isa = XCConfigurationList;
			buildConfigurations = (
				21F8E47122C0F8F500151B0B /* Debug */,
				21F8E47222C0F8F500151B0B /* Release */,
			);
			defaultConfigurationIsVisible = 0;
			defaultConfigurationName = Release;
		};
		21F8E47522C0F8F500151B0B /* Build configuration list for PBXNativeTarget "Watch" */ = {
			isa = XCConfigurationList;
			buildConfigurations = (
				21F8E46F22C0F8F500151B0B /* Debug */,
				21F8E47022C0F8F500151B0B /* Release */,
			);
			defaultConfigurationIsVisible = 0;
			defaultConfigurationName = Release;
		};
		7B8FA2341B72275A00B1E765 /* Build configuration list for PBXProject "AirAber" */ = {
			isa = XCConfigurationList;
			buildConfigurations = (
				7B8FA2491B72275A00B1E765 /* Debug */,
				7B8FA24A1B72275A00B1E765 /* Release */,
			);
			defaultConfigurationIsVisible = 0;
			defaultConfigurationName = Release;
		};
		7B8FA24B1B72275A00B1E765 /* Build configuration list for PBXNativeTarget "AirAber" */ = {
			isa = XCConfigurationList;
			buildConfigurations = (
				7B8FA24C1B72275A00B1E765 /* Debug */,
				7B8FA24D1B72275A00B1E765 /* Release */,
			);
			defaultConfigurationIsVisible = 0;
			defaultConfigurationName = Release;
		};
/* End XCConfigurationList section */
	};
	rootObject = 7B8FA2311B72275A00B1E765 /* Project object */;
}
